
Microsoft Visual Studio Solution File, Format Version 12.00
# Visual Studio 15
VisualStudioVersion = 15.0.27130.2036
MinimumVisualStudioVersion = 10.0.40219.1
Project("{FAE04EC0-301F-11D3-BF4B-00C04F79EFBC}") = "Pill.Android", "Pill\Pill.Android\Pill.Android.csproj", "{016044F2-72D6-4ED5-9C3D-75B5F4A6FD7A}"
EndProject
Project("{FAE04EC0-301F-11D3-BF4B-00C04F79EFBC}") = "Pill.iOS", "Pill\Pill.iOS\Pill.iOS.csproj", "{36AF481C-361F-4D91-B58E-998CFF503F60}"
EndProject
Project("{FAE04EC0-301F-11D3-BF4B-00C04F79EFBC}") = "Pill.UWP", "Pill\Pill.UWP\Pill.UWP.csproj", "{82B6EB7D-FB07-4B3D-B315-522402982FE6}"
EndProject
Project("{FAE04EC0-301F-11D3-BF4B-00C04F79EFBC}") = "Pill", "Pill\Pill\Pill.csproj", "{43FEE40B-F3D3-43DF-8A33-4A68AD75B799}"
EndProject
Global
	GlobalSection(SolutionConfigurationPlatforms) = preSolution
		Ad-Hoc|Any CPU = Ad-Hoc|Any CPU
		Ad-Hoc|ARM = Ad-Hoc|ARM
		Ad-Hoc|iPhone = Ad-Hoc|iPhone
		Ad-Hoc|iPhoneSimulator = Ad-Hoc|iPhoneSimulator
		Ad-Hoc|x64 = Ad-Hoc|x64
		Ad-Hoc|x86 = Ad-Hoc|x86
		AppStore|Any CPU = AppStore|Any CPU
		AppStore|ARM = AppStore|ARM
		AppStore|iPhone = AppStore|iPhone
		AppStore|iPhoneSimulator = AppStore|iPhoneSimulator
		AppStore|x64 = AppStore|x64
		AppStore|x86 = AppStore|x86
		Debug|Any CPU = Debug|Any CPU
		Debug|ARM = Debug|ARM
		Debug|iPhone = Debug|iPhone
		Debug|iPhoneSimulator = Debug|iPhoneSimulator
		Debug|x64 = Debug|x64
		Debug|x86 = Debug|x86
		Release|Any CPU = Release|Any CPU
		Release|ARM = Release|ARM
		Release|iPhone = Release|iPhone
		Release|iPhoneSimulator = Release|iPhoneSimulator
		Release|x64 = Release|x64
		Release|x86 = Release|x86
	EndGlobalSection
	GlobalSection(ProjectConfigurationPlatforms) = postSolution
		{016044F2-72D6-4ED5-9C3D-75B5F4A6FD7A}.Ad-Hoc|Any CPU.ActiveCfg = Release|Any CPU
		{016044F2-72D6-4ED5-9C3D-75B5F4A6FD7A}.Ad-Hoc|Any CPU.Build.0 = Release|Any CPU
		{016044F2-72D6-4ED5-9C3D-75B5F4A6FD7A}.Ad-Hoc|Any CPU.Deploy.0 = Release|Any CPU
		{016044F2-72D6-4ED5-9C3D-75B5F4A6FD7A}.Ad-Hoc|ARM.ActiveCfg = Release|Any CPU
		{016044F2-72D6-4ED5-9C3D-75B5F4A6FD7A}.Ad-Hoc|ARM.Build.0 = Release|Any CPU
		{016044F2-72D6-4ED5-9C3D-75B5F4A6FD7A}.Ad-Hoc|ARM.Deploy.0 = Release|Any CPU
		{016044F2-72D6-4ED5-9C3D-75B5F4A6FD7A}.Ad-Hoc|iPhone.ActiveCfg = Release|Any CPU
		{016044F2-72D6-4ED5-9C3D-75B5F4A6FD7A}.Ad-Hoc|iPhone.Build.0 = Release|Any CPU
		{016044F2-72D6-4ED5-9C3D-75B5F4A6FD7A}.Ad-Hoc|iPhone.Deploy.0 = Release|Any CPU
		{016044F2-72D6-4ED5-9C3D-75B5F4A6FD7A}.Ad-Hoc|iPhoneSimulator.ActiveCfg = Release|Any CPU
		{016044F2-72D6-4ED5-9C3D-75B5F4A6FD7A}.Ad-Hoc|iPhoneSimulator.Build.0 = Release|Any CPU
		{016044F2-72D6-4ED5-9C3D-75B5F4A6FD7A}.Ad-Hoc|iPhoneSimulator.Deploy.0 = Release|Any CPU
		{016044F2-72D6-4ED5-9C3D-75B5F4A6FD7A}.Ad-Hoc|x64.ActiveCfg = Release|Any CPU
		{016044F2-72D6-4ED5-9C3D-75B5F4A6FD7A}.Ad-Hoc|x64.Build.0 = Release|Any CPU
		{016044F2-72D6-4ED5-9C3D-75B5F4A6FD7A}.Ad-Hoc|x64.Deploy.0 = Release|Any CPU
		{016044F2-72D6-4ED5-9C3D-75B5F4A6FD7A}.Ad-Hoc|x86.ActiveCfg = Release|Any CPU
		{016044F2-72D6-4ED5-9C3D-75B5F4A6FD7A}.Ad-Hoc|x86.Build.0 = Release|Any CPU
		{016044F2-72D6-4ED5-9C3D-75B5F4A6FD7A}.Ad-Hoc|x86.Deploy.0 = Release|Any CPU
		{016044F2-72D6-4ED5-9C3D-75B5F4A6FD7A}.AppStore|Any CPU.ActiveCfg = Release|Any CPU
		{016044F2-72D6-4ED5-9C3D-75B5F4A6FD7A}.AppStore|Any CPU.Build.0 = Release|Any CPU
		{016044F2-72D6-4ED5-9C3D-75B5F4A6FD7A}.AppStore|Any CPU.Deploy.0 = Release|Any CPU
		{016044F2-72D6-4ED5-9C3D-75B5F4A6FD7A}.AppStore|ARM.ActiveCfg = Release|Any CPU
		{016044F2-72D6-4ED5-9C3D-75B5F4A6FD7A}.AppStore|ARM.Build.0 = Release|Any CPU
		{016044F2-72D6-4ED5-9C3D-75B5F4A6FD7A}.AppStore|ARM.Deploy.0 = Release|Any CPU
		{016044F2-72D6-4ED5-9C3D-75B5F4A6FD7A}.AppStore|iPhone.ActiveCfg = Release|Any CPU
		{016044F2-72D6-4ED5-9C3D-75B5F4A6FD7A}.AppStore|iPhone.Build.0 = Release|Any CPU
		{016044F2-72D6-4ED5-9C3D-75B5F4A6FD7A}.AppStore|iPhone.Deploy.0 = Release|Any CPU
		{016044F2-72D6-4ED5-9C3D-75B5F4A6FD7A}.AppStore|iPhoneSimulator.ActiveCfg = Release|Any CPU
		{016044F2-72D6-4ED5-9C3D-75B5F4A6FD7A}.AppStore|iPhoneSimulator.Build.0 = Release|Any CPU
		{016044F2-72D6-4ED5-9C3D-75B5F4A6FD7A}.AppStore|iPhoneSimulator.Deploy.0 = Release|Any CPU
		{016044F2-72D6-4ED5-9C3D-75B5F4A6FD7A}.AppStore|x64.ActiveCfg = Release|Any CPU
		{016044F2-72D6-4ED5-9C3D-75B5F4A6FD7A}.AppStore|x64.Build.0 = Release|Any CPU
		{016044F2-72D6-4ED5-9C3D-75B5F4A6FD7A}.AppStore|x64.Deploy.0 = Release|Any CPU
		{016044F2-72D6-4ED5-9C3D-75B5F4A6FD7A}.AppStore|x86.ActiveCfg = Release|Any CPU
		{016044F2-72D6-4ED5-9C3D-75B5F4A6FD7A}.AppStore|x86.Build.0 = Release|Any CPU
		{016044F2-72D6-4ED5-9C3D-75B5F4A6FD7A}.AppStore|x86.Deploy.0 = Release|Any CPU
		{016044F2-72D6-4ED5-9C3D-75B5F4A6FD7A}.Debug|Any CPU.ActiveCfg = Debug|Any CPU
		{016044F2-72D6-4ED5-9C3D-75B5F4A6FD7A}.Debug|Any CPU.Build.0 = Debug|Any CPU
		{016044F2-72D6-4ED5-9C3D-75B5F4A6FD7A}.Debug|Any CPU.Deploy.0 = Debug|Any CPU
		{016044F2-72D6-4ED5-9C3D-75B5F4A6FD7A}.Debug|ARM.ActiveCfg = Debug|Any CPU
		{016044F2-72D6-4ED5-9C3D-75B5F4A6FD7A}.Debug|ARM.Build.0 = Debug|Any CPU
		{016044F2-72D6-4ED5-9C3D-75B5F4A6FD7A}.Debug|ARM.Deploy.0 = Debug|Any CPU
		{016044F2-72D6-4ED5-9C3D-75B5F4A6FD7A}.Debug|iPhone.ActiveCfg = Debug|Any CPU
		{016044F2-72D6-4ED5-9C3D-75B5F4A6FD7A}.Debug|iPhone.Build.0 = Debug|Any CPU
		{016044F2-72D6-4ED5-9C3D-75B5F4A6FD7A}.Debug|iPhone.Deploy.0 = Debug|Any CPU
		{016044F2-72D6-4ED5-9C3D-75B5F4A6FD7A}.Debug|iPhoneSimulator.ActiveCfg = Debug|Any CPU
		{016044F2-72D6-4ED5-9C3D-75B5F4A6FD7A}.Debug|iPhoneSimulator.Build.0 = Debug|Any CPU
		{016044F2-72D6-4ED5-9C3D-75B5F4A6FD7A}.Debug|iPhoneSimulator.Deploy.0 = Debug|Any CPU
		{016044F2-72D6-4ED5-9C3D-75B5F4A6FD7A}.Debug|x64.ActiveCfg = Debug|Any CPU
		{016044F2-72D6-4ED5-9C3D-75B5F4A6FD7A}.Debug|x64.Build.0 = Debug|Any CPU
		{016044F2-72D6-4ED5-9C3D-75B5F4A6FD7A}.Debug|x64.Deploy.0 = Debug|Any CPU
		{016044F2-72D6-4ED5-9C3D-75B5F4A6FD7A}.Debug|x86.ActiveCfg = Debug|Any CPU
		{016044F2-72D6-4ED5-9C3D-75B5F4A6FD7A}.Debug|x86.Build.0 = Debug|Any CPU
		{016044F2-72D6-4ED5-9C3D-75B5F4A6FD7A}.Debug|x86.Deploy.0 = Debug|Any CPU
		{016044F2-72D6-4ED5-9C3D-75B5F4A6FD7A}.Release|Any CPU.ActiveCfg = Release|Any CPU
		{016044F2-72D6-4ED5-9C3D-75B5F4A6FD7A}.Release|Any CPU.Build.0 = Release|Any CPU
		{016044F2-72D6-4ED5-9C3D-75B5F4A6FD7A}.Release|Any CPU.Deploy.0 = Release|Any CPU
		{016044F2-72D6-4ED5-9C3D-75B5F4A6FD7A}.Release|ARM.ActiveCfg = Release|Any CPU
		{016044F2-72D6-4ED5-9C3D-75B5F4A6FD7A}.Release|ARM.Build.0 = Release|Any CPU
		{016044F2-72D6-4ED5-9C3D-75B5F4A6FD7A}.Release|ARM.Deploy.0 = Release|Any CPU
		{016044F2-72D6-4ED5-9C3D-75B5F4A6FD7A}.Release|iPhone.ActiveCfg = Release|Any CPU
		{016044F2-72D6-4ED5-9C3D-75B5F4A6FD7A}.Release|iPhone.Build.0 = Release|Any CPU
		{016044F2-72D6-4ED5-9C3D-75B5F4A6FD7A}.Release|iPhone.Deploy.0 = Release|Any CPU
		{016044F2-72D6-4ED5-9C3D-75B5F4A6FD7A}.Release|iPhoneSimulator.ActiveCfg = Release|Any CPU
		{016044F2-72D6-4ED5-9C3D-75B5F4A6FD7A}.Release|iPhoneSimulator.Build.0 = Release|Any CPU
		{016044F2-72D6-4ED5-9C3D-75B5F4A6FD7A}.Release|iPhoneSimulator.Deploy.0 = Release|Any CPU
		{016044F2-72D6-4ED5-9C3D-75B5F4A6FD7A}.Release|x64.ActiveCfg = Release|Any CPU
		{016044F2-72D6-4ED5-9C3D-75B5F4A6FD7A}.Release|x64.Build.0 = Release|Any CPU
		{016044F2-72D6-4ED5-9C3D-75B5F4A6FD7A}.Release|x64.Deploy.0 = Release|Any CPU
		{016044F2-72D6-4ED5-9C3D-75B5F4A6FD7A}.Release|x86.ActiveCfg = Release|Any CPU
		{016044F2-72D6-4ED5-9C3D-75B5F4A6FD7A}.Release|x86.Build.0 = Release|Any CPU
		{016044F2-72D6-4ED5-9C3D-75B5F4A6FD7A}.Release|x86.Deploy.0 = Release|Any CPU
		{36AF481C-361F-4D91-B58E-998CFF503F60}.Ad-Hoc|Any CPU.ActiveCfg = Ad-Hoc|iPhone
		{36AF481C-361F-4D91-B58E-998CFF503F60}.Ad-Hoc|ARM.ActiveCfg = Ad-Hoc|iPhone
		{36AF481C-361F-4D91-B58E-998CFF503F60}.Ad-Hoc|iPhone.ActiveCfg = Ad-Hoc|iPhone
		{36AF481C-361F-4D91-B58E-998CFF503F60}.Ad-Hoc|iPhone.Build.0 = Ad-Hoc|iPhone
		{36AF481C-361F-4D91-B58E-998CFF503F60}.Ad-Hoc|iPhoneSimulator.ActiveCfg = Ad-Hoc|iPhoneSimulator
		{36AF481C-361F-4D91-B58E-998CFF503F60}.Ad-Hoc|iPhoneSimulator.Build.0 = Ad-Hoc|iPhoneSimulator
		{36AF481C-361F-4D91-B58E-998CFF503F60}.Ad-Hoc|x64.ActiveCfg = Ad-Hoc|iPhone
		{36AF481C-361F-4D91-B58E-998CFF503F60}.Ad-Hoc|x86.ActiveCfg = Ad-Hoc|iPhone
		{36AF481C-361F-4D91-B58E-998CFF503F60}.AppStore|Any CPU.ActiveCfg = AppStore|iPhone
		{36AF481C-361F-4D91-B58E-998CFF503F60}.AppStore|ARM.ActiveCfg = AppStore|iPhone
		{36AF481C-361F-4D91-B58E-998CFF503F60}.AppStore|iPhone.ActiveCfg = AppStore|iPhone
		{36AF481C-361F-4D91-B58E-998CFF503F60}.AppStore|iPhone.Build.0 = AppStore|iPhone
		{36AF481C-361F-4D91-B58E-998CFF503F60}.AppStore|iPhoneSimulator.ActiveCfg = AppStore|iPhoneSimulator
		{36AF481C-361F-4D91-B58E-998CFF503F60}.AppStore|iPhoneSimulator.Build.0 = AppStore|iPhoneSimulator
		{36AF481C-361F-4D91-B58E-998CFF503F60}.AppStore|x64.ActiveCfg = AppStore|iPhone
		{36AF481C-361F-4D91-B58E-998CFF503F60}.AppStore|x86.ActiveCfg = AppStore|iPhone
		{36AF481C-361F-4D91-B58E-998CFF503F60}.Debug|Any CPU.ActiveCfg = Debug|iPhone
		{36AF481C-361F-4D91-B58E-998CFF503F60}.Debug|ARM.ActiveCfg = Debug|iPhone
		{36AF481C-361F-4D91-B58E-998CFF503F60}.Debug|iPhone.ActiveCfg = Debug|iPhone
		{36AF481C-361F-4D91-B58E-998CFF503F60}.Debug|iPhone.Build.0 = Debug|iPhone
		{36AF481C-361F-4D91-B58E-998CFF503F60}.Debug|iPhoneSimulator.ActiveCfg = Debug|iPhoneSimulator
		{36AF481C-361F-4D91-B58E-998CFF503F60}.Debug|iPhoneSimulator.Build.0 = Debug|iPhoneSimulator
		{36AF481C-361F-4D91-B58E-998CFF503F60}.Debug|x64.ActiveCfg = Debug|iPhone
		{36AF481C-361F-4D91-B58E-998CFF503F60}.Debug|x86.ActiveCfg = Debug|iPhone
		{36AF481C-361F-4D91-B58E-998CFF503F60}.Release|Any CPU.ActiveCfg = Release|iPhone
		{36AF481C-361F-4D91-B58E-998CFF503F60}.Release|ARM.ActiveCfg = Release|iPhone
		{36AF481C-361F-4D91-B58E-998CFF503F60}.Release|iPhone.ActiveCfg = Release|iPhone
		{36AF481C-361F-4D91-B58E-998CFF503F60}.Release|iPhone.Build.0 = Release|iPhone
		{36AF481C-361F-4D91-B58E-998CFF503F60}.Release|iPhoneSimulator.ActiveCfg = Release|iPhoneSimulator
		{36AF481C-361F-4D91-B58E-998CFF503F60}.Release|iPhoneSimulator.Build.0 = Release|iPhoneSimulator
		{36AF481C-361F-4D91-B58E-998CFF503F60}.Release|x64.ActiveCfg = Release|iPhone
		{36AF481C-361F-4D91-B58E-998CFF503F60}.Release|x86.ActiveCfg = Release|iPhone
		{82B6EB7D-FB07-4B3D-B315-522402982FE6}.Ad-Hoc|Any CPU.ActiveCfg = Release|x86
		{82B6EB7D-FB07-4B3D-B315-522402982FE6}.Ad-Hoc|Any CPU.Build.0 = Release|x86
		{82B6EB7D-FB07-4B3D-B315-522402982FE6}.Ad-Hoc|Any CPU.Deploy.0 = Release|x86
		{82B6EB7D-FB07-4B3D-B315-522402982FE6}.Ad-Hoc|ARM.ActiveCfg = Release|ARM
		{82B6EB7D-FB07-4B3D-B315-522402982FE6}.Ad-Hoc|ARM.Build.0 = Release|ARM
		{82B6EB7D-FB07-4B3D-B315-522402982FE6}.Ad-Hoc|ARM.Deploy.0 = Release|ARM
		{82B6EB7D-FB07-4B3D-B315-522402982FE6}.Ad-Hoc|iPhone.ActiveCfg = Release|x86
		{82B6EB7D-FB07-4B3D-B315-522402982FE6}.Ad-Hoc|iPhone.Build.0 = Release|x86
		{82B6EB7D-FB07-4B3D-B315-522402982FE6}.Ad-Hoc|iPhone.Deploy.0 = Release|x86
		{82B6EB7D-FB07-4B3D-B315-522402982FE6}.Ad-Hoc|iPhoneSimulator.ActiveCfg = Release|x86
		{82B6EB7D-FB07-4B3D-B315-522402982FE6}.Ad-Hoc|iPhoneSimulator.Build.0 = Release|x86
		{82B6EB7D-FB07-4B3D-B315-522402982FE6}.Ad-Hoc|iPhoneSimulator.Deploy.0 = Release|x86
		{82B6EB7D-FB07-4B3D-B315-522402982FE6}.Ad-Hoc|x64.ActiveCfg = Release|x64
		{82B6EB7D-FB07-4B3D-B315-522402982FE6}.Ad-Hoc|x64.Build.0 = Release|x64
		{82B6EB7D-FB07-4B3D-B315-522402982FE6}.Ad-Hoc|x64.Deploy.0 = Release|x64
		{82B6EB7D-FB07-4B3D-B315-522402982FE6}.Ad-Hoc|x86.ActiveCfg = Release|x86
		{82B6EB7D-FB07-4B3D-B315-522402982FE6}.Ad-Hoc|x86.Build.0 = Release|x86
		{82B6EB7D-FB07-4B3D-B315-522402982FE6}.Ad-Hoc|x86.Deploy.0 = Release|x86
		{82B6EB7D-FB07-4B3D-B315-522402982FE6}.AppStore|Any CPU.ActiveCfg = Release|x86
		{82B6EB7D-FB07-4B3D-B315-522402982FE6}.AppStore|Any CPU.Build.0 = Release|x86
		{82B6EB7D-FB07-4B3D-B315-522402982FE6}.AppStore|Any CPU.Deploy.0 = Release|x86
		{82B6EB7D-FB07-4B3D-B315-522402982FE6}.AppStore|ARM.ActiveCfg = Release|ARM
		{82B6EB7D-FB07-4B3D-B315-522402982FE6}.AppStore|ARM.Build.0 = Release|ARM
		{82B6EB7D-FB07-4B3D-B315-522402982FE6}.AppStore|ARM.Deploy.0 = Release|ARM
		{82B6EB7D-FB07-4B3D-B315-522402982FE6}.AppStore|iPhone.ActiveCfg = Release|x86
		{82B6EB7D-FB07-4B3D-B315-522402982FE6}.AppStore|iPhone.Build.0 = Release|x86
		{82B6EB7D-FB07-4B3D-B315-522402982FE6}.AppStore|iPhone.Deploy.0 = Release|x86
		{82B6EB7D-FB07-4B3D-B315-522402982FE6}.AppStore|iPhoneSimulator.ActiveCfg = Release|x86
		{82B6EB7D-FB07-4B3D-B315-522402982FE6}.AppStore|iPhoneSimulator.Build.0 = Release|x86
		{82B6EB7D-FB07-4B3D-B315-522402982FE6}.AppStore|iPhoneSimulator.Deploy.0 = Release|x86
		{82B6EB7D-FB07-4B3D-B315-522402982FE6}.AppStore|x64.ActiveCfg = Release|x64
		{82B6EB7D-FB07-4B3D-B315-522402982FE6}.AppStore|x64.Build.0 = Release|x64
		{82B6EB7D-FB07-4B3D-B315-522402982FE6}.AppStore|x64.Deploy.0 = Release|x64
		{82B6EB7D-FB07-4B3D-B315-522402982FE6}.AppStore|x86.ActiveCfg = Release|x86
		{82B6EB7D-FB07-4B3D-B315-522402982FE6}.AppStore|x86.Build.0 = Release|x86
		{82B6EB7D-FB07-4B3D-B315-522402982FE6}.AppStore|x86.Deploy.0 = Release|x86
		{82B6EB7D-FB07-4B3D-B315-522402982FE6}.Debug|Any CPU.ActiveCfg = Debug|x86
		{82B6EB7D-FB07-4B3D-B315-522402982FE6}.Debug|ARM.ActiveCfg = Debug|ARM
		{82B6EB7D-FB07-4B3D-B315-522402982FE6}.Debug|ARM.Build.0 = Debug|ARM
		{82B6EB7D-FB07-4B3D-B315-522402982FE6}.Debug|ARM.Deploy.0 = Debug|ARM
		{82B6EB7D-FB07-4B3D-B315-522402982FE6}.Debug|iPhone.ActiveCfg = Debug|x86
		{82B6EB7D-FB07-4B3D-B315-522402982FE6}.Debug|iPhoneSimulator.ActiveCfg = Debug|x86
		{82B6EB7D-FB07-4B3D-B315-522402982FE6}.Debug|x64.ActiveCfg = Debug|x64
		{82B6EB7D-FB07-4B3D-B315-522402982FE6}.Debug|x64.Build.0 = Debug|x64
		{82B6EB7D-FB07-4B3D-B315-522402982FE6}.Debug|x64.Deploy.0 = Debug|x64
		{82B6EB7D-FB07-4B3D-B315-522402982FE6}.Debug|x86.ActiveCfg = Debug|x86
		{82B6EB7D-FB07-4B3D-B315-522402982FE6}.Debug|x86.Build.0 = Debug|x86
		{82B6EB7D-FB07-4B3D-B315-522402982FE6}.Debug|x86.Deploy.0 = Debug|x86
		{82B6EB7D-FB07-4B3D-B315-522402982FE6}.Release|Any CPU.ActiveCfg = Release|x86
		{82B6EB7D-FB07-4B3D-B315-522402982FE6}.Release|ARM.ActiveCfg = Release|ARM
		{82B6EB7D-FB07-4B3D-B315-522402982FE6}.Release|ARM.Build.0 = Release|ARM
		{82B6EB7D-FB07-4B3D-B315-522402982FE6}.Release|ARM.Deploy.0 = Release|ARM
		{82B6EB7D-FB07-4B3D-B315-522402982FE6}.Release|iPhone.ActiveCfg = Release|x86
		{82B6EB7D-FB07-4B3D-B315-522402982FE6}.Release|iPhoneSimulator.ActiveCfg = Release|x86
		{82B6EB7D-FB07-4B3D-B315-522402982FE6}.Release|x64.ActiveCfg = Release|x64
		{82B6EB7D-FB07-4B3D-B315-522402982FE6}.Release|x64.Build.0 = Release|x64
		{82B6EB7D-FB07-4B3D-B315-522402982FE6}.Release|x64.Deploy.0 = Release|x64
		{82B6EB7D-FB07-4B3D-B315-522402982FE6}.Release|x86.ActiveCfg = Release|x86
		{82B6EB7D-FB07-4B3D-B315-522402982FE6}.Release|x86.Build.0 = Release|x86
		{82B6EB7D-FB07-4B3D-B315-522402982FE6}.Release|x86.Deploy.0 = Release|x86
		{43FEE40B-F3D3-43DF-8A33-4A68AD75B799}.Ad-Hoc|Any CPU.ActiveCfg = Debug|Any CPU
		{43FEE40B-F3D3-43DF-8A33-4A68AD75B799}.Ad-Hoc|Any CPU.Build.0 = Debug|Any CPU
		{43FEE40B-F3D3-43DF-8A33-4A68AD75B799}.Ad-Hoc|ARM.ActiveCfg = Debug|Any CPU
		{43FEE40B-F3D3-43DF-8A33-4A68AD75B799}.Ad-Hoc|ARM.Build.0 = Debug|Any CPU
		{43FEE40B-F3D3-43DF-8A33-4A68AD75B799}.Ad-Hoc|iPhone.ActiveCfg = Debug|Any CPU
		{43FEE40B-F3D3-43DF-8A33-4A68AD75B799}.Ad-Hoc|iPhone.Build.0 = Debug|Any CPU
		{43FEE40B-F3D3-43DF-8A33-4A68AD75B799}.Ad-Hoc|iPhoneSimulator.ActiveCfg = Debug|Any CPU
		{43FEE40B-F3D3-43DF-8A33-4A68AD75B799}.Ad-Hoc|iPhoneSimulator.Build.0 = Debug|Any CPU
		{43FEE40B-F3D3-43DF-8A33-4A68AD75B799}.Ad-Hoc|x64.ActiveCfg = Debug|Any CPU
		{43FEE40B-F3D3-43DF-8A33-4A68AD75B799}.Ad-Hoc|x64.Build.0 = Debug|Any CPU
		{43FEE40B-F3D3-43DF-8A33-4A68AD75B799}.Ad-Hoc|x86.ActiveCfg = Debug|Any CPU
		{43FEE40B-F3D3-43DF-8A33-4A68AD75B799}.Ad-Hoc|x86.Build.0 = Debug|Any CPU
		{43FEE40B-F3D3-43DF-8A33-4A68AD75B799}.AppStore|Any CPU.ActiveCfg = Debug|Any CPU
		{43FEE40B-F3D3-43DF-8A33-4A68AD75B799}.AppStore|Any CPU.Build.0 = Debug|Any CPU
		{43FEE40B-F3D3-43DF-8A33-4A68AD75B799}.AppStore|ARM.ActiveCfg = Debug|Any CPU
		{43FEE40B-F3D3-43DF-8A33-4A68AD75B799}.AppStore|ARM.Build.0 = Debug|Any CPU
		{43FEE40B-F3D3-43DF-8A33-4A68AD75B799}.AppStore|iPhone.ActiveCfg = Debug|Any CPU
		{43FEE40B-F3D3-43DF-8A33-4A68AD75B799}.AppStore|iPhone.Build.0 = Debug|Any CPU
		{43FEE40B-F3D3-43DF-8A33-4A68AD75B799}.AppStore|iPhoneSimulator.ActiveCfg = Debug|Any CPU
		{43FEE40B-F3D3-43DF-8A33-4A68AD75B799}.AppStore|iPhoneSimulator.Build.0 = Debug|Any CPU
		{43FEE40B-F3D3-43DF-8A33-4A68AD75B799}.AppStore|x64.ActiveCfg = Debug|Any CPU
		{43FEE40B-F3D3-43DF-8A33-4A68AD75B799}.AppStore|x64.Build.0 = Debug|Any CPU
		{43FEE40B-F3D3-43DF-8A33-4A68AD75B799}.AppStore|x86.ActiveCfg = Debug|Any CPU
		{43FEE40B-F3D3-43DF-8A33-4A68AD75B799}.AppStore|x86.Build.0 = Debug|Any CPU
		{43FEE40B-F3D3-43DF-8A33-4A68AD75B799}.Debug|Any CPU.ActiveCfg = Debug|Any CPU
		{43FEE40B-F3D3-43DF-8A33-4A68AD75B799}.Debug|Any CPU.Build.0 = Debug|Any CPU
		{43FEE40B-F3D3-43DF-8A33-4A68AD75B799}.Debug|ARM.ActiveCfg = Debug|Any CPU
		{43FEE40B-F3D3-43DF-8A33-4A68AD75B799}.Debug|ARM.Build.0 = Debug|Any CPU
		{43FEE40B-F3D3-43DF-8A33-4A68AD75B799}.Debug|iPhone.ActiveCfg = Debug|Any CPU
		{43FEE40B-F3D3-43DF-8A33-4A68AD75B799}.Debug|iPhone.Build.0 = Debug|Any CPU
		{43FEE40B-F3D3-43DF-8A33-4A68AD75B799}.Debug|iPhoneSimulator.ActiveCfg = Debug|Any CPU
		{43FEE40B-F3D3-43DF-8A33-4A68AD75B799}.Debug|iPhoneSimulator.Build.0 = Debug|Any CPU
		{43FEE40B-F3D3-43DF-8A33-4A68AD75B799}.Debug|x64.ActiveCfg = Debug|Any CPU
		{43FEE40B-F3D3-43DF-8A33-4A68AD75B799}.Debug|x64.Build.0 = Debug|Any CPU
		{43FEE40B-F3D3-43DF-8A33-4A68AD75B799}.Debug|x86.ActiveCfg = Debug|Any CPU
		{43FEE40B-F3D3-43DF-8A33-4A68AD75B799}.Debug|x86.Build.0 = Debug|Any CPU
		{43FEE40B-F3D3-43DF-8A33-4A68AD75B799}.Release|Any CPU.ActiveCfg = Release|Any CPU
		{43FEE40B-F3D3-43DF-8A33-4A68AD75B799}.Release|Any CPU.Build.0 = Release|Any CPU
		{43FEE40B-F3D3-43DF-8A33-4A68AD75B799}.Release|ARM.ActiveCfg = Release|Any CPU
		{43FEE40B-F3D3-43DF-8A33-4A68AD75B799}.Release|ARM.Build.0 = Release|Any CPU
		{43FEE40B-F3D3-43DF-8A33-4A68AD75B799}.Release|iPhone.ActiveCfg = Release|Any CPU
		{43FEE40B-F3D3-43DF-8A33-4A68AD75B799}.Release|iPhone.Build.0 = Release|Any CPU
		{43FEE40B-F3D3-43DF-8A33-4A68AD75B799}.Release|iPhoneSimulator.ActiveCfg = Release|Any CPU
		{43FEE40B-F3D3-43DF-8A33-4A68AD75B799}.Release|iPhoneSimulator.Build.0 = Release|Any CPU
		{43FEE40B-F3D3-43DF-8A33-4A68AD75B799}.Release|x64.ActiveCfg = Release|Any CPU
		{43FEE40B-F3D3-43DF-8A33-4A68AD75B799}.Release|x64.Build.0 = Release|Any CPU
		{43FEE40B-F3D3-43DF-8A33-4A68AD75B799}.Release|x86.ActiveCfg = Release|Any CPU
		{43FEE40B-F3D3-43DF-8A33-4A68AD75B799}.Release|x86.Build.0 = Release|Any CPU
	EndGlobalSection
	GlobalSection(SolutionProperties) = preSolution
		HideSolutionNode = FALSE
	EndGlobalSection
	GlobalSection(ExtensibilityGlobals) = postSolution
		SolutionGuid = {66B7B32B-37A9-4147-8A85-9F4EEDD08D27}
	EndGlobalSection
EndGlobal
